
Microsoft Visual Studio Solution File, Format Version 12.00
# Visual Studio Version 17
VisualStudioVersion = 17.3.32825.248
MinimumVisualStudioVersion = 10.0.40219.1
Project("{FAE04EC0-301F-11D3-BF4B-00C04F79EFBC}") = "ClaseEmpleado", "ClaseEmpleado\ClaseEmpleado.csproj", "{3E86FC1A-FB55-4709-9012-3699E4DC6650}"
EndProject
Global
	GlobalSection(SolutionConfigurationPlatforms) = preSolution
		Debug|Any CPU = Debug|Any CPU
		Release|Any CPU = Release|Any CPU
	EndGlobalSection
	GlobalSection(ProjectConfigurationPlatforms) = postSolution
		{3E86FC1A-FB55-4709-9012-3699E4DC6650}.Debug|Any CPU.ActiveCfg = Debug|Any CPU
		{3E86FC1A-FB55-4709-9012-3699E4DC6650}.Debug|Any CPU.Build.0 = Debug|Any CPU
		{3E86FC1A-FB55-4709-9012-3699E4DC6650}.Release|Any CPU.ActiveCfg = Release|Any CPU
		{3E86FC1A-FB55-4709-9012-3699E4DC6650}.Release|Any CPU.Build.0 = Release|Any CPU
	EndGlobalSection
	GlobalSection(SolutionProperties) = preSolution
		HideSolutionNode = FALSE
	EndGlobalSection
	GlobalSection(ExtensibilityGlobals) = postSolution
		SolutionGuid = {FE595341-589A-4AFF-AE17-302DE8953DAC}
	EndGlobalSection
EndGlobal
